
Microsoft Visual Studio Solution File, Format Version 12.00
# Visual Studio Version 17
VisualStudioVersion = 17.0.31919.166
MinimumVisualStudioVersion = 10.0.40219.1
Project("{2150E333-8FDC-42A3-9474-1A3956D46DE8}") = "Common", "Common", "{D32110EC-915C-4714-8397-EBE7249860EB}"
EndProject
Project("{2150E333-8FDC-42A3-9474-1A3956D46DE8}") = "Data", "Data", "{D35B010D-014F-49A5-AA9A-F12D51808159}"
EndProject
Project("{2150E333-8FDC-42A3-9474-1A3956D46DE8}") = "Services", "Services", "{A9B20A09-BB45-43DA-B3CA-1B19096EB085}"
EndProject
Project("{2150E333-8FDC-42A3-9474-1A3956D46DE8}") = "UI", "UI", "{867F1F5D-5810-40EE-858F-836F7F4B70F2}"
EndProject
Project("{FAE04EC0-301F-11D3-BF4B-00C04F79EFBC}") = "WebStore.Domain", "Common\WebStore.Domain\WebStore.Domain.csproj", "{7AE025D1-5134-49F0-B363-DC25FACD3EC5}"
EndProject
Project("{FAE04EC0-301F-11D3-BF4B-00C04F79EFBC}") = "WebStore.DAL", "Data\WebStore.DAL\WebStore.DAL.csproj", "{DC97347F-2DF0-4C12-A3A7-C5CDE3CD1A62}"
EndProject
Project("{FAE04EC0-301F-11D3-BF4B-00C04F79EFBC}") = "WebStore", "UI\WebStore\WebStore.csproj", "{CE833AA1-F29C-4DFC-8BE2-749D3E626F74}"
EndProject
Project("{FAE04EC0-301F-11D3-BF4B-00C04F79EFBC}") = "WebStore.Interfaces", "Services\WebStore.Interfaces\WebStore.Interfaces.csproj", "{5E824B8E-98F7-4736-B8ED-0E8CFEE61031}"
EndProject
Project("{FAE04EC0-301F-11D3-BF4B-00C04F79EFBC}") = "WebStore.Services", "Services\WebStore.Services\WebStore.Services.csproj", "{445836D0-0933-4CEE-B172-1AA60991C9CE}"
EndProject
Project("{FAE04EC0-301F-11D3-BF4B-00C04F79EFBC}") = "WebStore.WebApi", "Services\WebStore.WebApi\WebStore.WebApi.csproj", "{F2F38ECC-3A65-4989-9B0D-020A0E8586AB}"
EndProject
Project("{FAE04EC0-301F-11D3-BF4B-00C04F79EFBC}") = "WebStore.WebAPI.Clients", "Services\WebStore.WebAPI.Clients\WebStore.WebAPI.Clients.csproj", "{0432635A-C2D3-4789-83FC-220729109374}"
EndProject
Project("{FAE04EC0-301F-11D3-BF4B-00C04F79EFBC}") = "WebStore.Logging", "Common\WebStore.Logging\WebStore.Logging.csproj", "{899F63E3-0033-439B-98C3-DCA9CEF43D00}"
EndProject
Global
	GlobalSection(SolutionConfigurationPlatforms) = preSolution
		Debug|Any CPU = Debug|Any CPU
		Release|Any CPU = Release|Any CPU
	EndGlobalSection
	GlobalSection(ProjectConfigurationPlatforms) = postSolution
		{7AE025D1-5134-49F0-B363-DC25FACD3EC5}.Debug|Any CPU.ActiveCfg = Debug|Any CPU
		{7AE025D1-5134-49F0-B363-DC25FACD3EC5}.Debug|Any CPU.Build.0 = Debug|Any CPU
		{7AE025D1-5134-49F0-B363-DC25FACD3EC5}.Release|Any CPU.ActiveCfg = Release|Any CPU
		{7AE025D1-5134-49F0-B363-DC25FACD3EC5}.Release|Any CPU.Build.0 = Release|Any CPU
		{DC97347F-2DF0-4C12-A3A7-C5CDE3CD1A62}.Debug|Any CPU.ActiveCfg = Debug|Any CPU
		{DC97347F-2DF0-4C12-A3A7-C5CDE3CD1A62}.Debug|Any CPU.Build.0 = Debug|Any CPU
		{DC97347F-2DF0-4C12-A3A7-C5CDE3CD1A62}.Release|Any CPU.ActiveCfg = Release|Any CPU
		{DC97347F-2DF0-4C12-A3A7-C5CDE3CD1A62}.Release|Any CPU.Build.0 = Release|Any CPU
		{CE833AA1-F29C-4DFC-8BE2-749D3E626F74}.Debug|Any CPU.ActiveCfg = Debug|Any CPU
		{CE833AA1-F29C-4DFC-8BE2-749D3E626F74}.Debug|Any CPU.Build.0 = Debug|Any CPU
		{CE833AA1-F29C-4DFC-8BE2-749D3E626F74}.Release|Any CPU.ActiveCfg = Release|Any CPU
		{CE833AA1-F29C-4DFC-8BE2-749D3E626F74}.Release|Any CPU.Build.0 = Release|Any CPU
		{5E824B8E-98F7-4736-B8ED-0E8CFEE61031}.Debug|Any CPU.ActiveCfg = Debug|Any CPU
		{5E824B8E-98F7-4736-B8ED-0E8CFEE61031}.Debug|Any CPU.Build.0 = Debug|Any CPU
		{5E824B8E-98F7-4736-B8ED-0E8CFEE61031}.Release|Any CPU.ActiveCfg = Release|Any CPU
		{5E824B8E-98F7-4736-B8ED-0E8CFEE61031}.Release|Any CPU.Build.0 = Release|Any CPU
		{445836D0-0933-4CEE-B172-1AA60991C9CE}.Debug|Any CPU.ActiveCfg = Debug|Any CPU
		{445836D0-0933-4CEE-B172-1AA60991C9CE}.Debug|Any CPU.Build.0 = Debug|Any CPU
		{445836D0-0933-4CEE-B172-1AA60991C9CE}.Release|Any CPU.ActiveCfg = Release|Any CPU
		{445836D0-0933-4CEE-B172-1AA60991C9CE}.Release|Any CPU.Build.0 = Release|Any CPU
		{F2F38ECC-3A65-4989-9B0D-020A0E8586AB}.Debug|Any CPU.ActiveCfg = Debug|Any CPU
		{F2F38ECC-3A65-4989-9B0D-020A0E8586AB}.Debug|Any CPU.Build.0 = Debug|Any CPU
		{F2F38ECC-3A65-4989-9B0D-020A0E8586AB}.Release|Any CPU.ActiveCfg = Release|Any CPU
		{F2F38ECC-3A65-4989-9B0D-020A0E8586AB}.Release|Any CPU.Build.0 = Release|Any CPU
		{0432635A-C2D3-4789-83FC-220729109374}.Debug|Any CPU.ActiveCfg = Debug|Any CPU
		{0432635A-C2D3-4789-83FC-220729109374}.Debug|Any CPU.Build.0 = Debug|Any CPU
		{0432635A-C2D3-4789-83FC-220729109374}.Release|Any CPU.ActiveCfg = Release|Any CPU
		{0432635A-C2D3-4789-83FC-220729109374}.Release|Any CPU.Build.0 = Release|Any CPU
		{899F63E3-0033-439B-98C3-DCA9CEF43D00}.Debug|Any CPU.ActiveCfg = Debug|Any CPU
		{899F63E3-0033-439B-98C3-DCA9CEF43D00}.Debug|Any CPU.Build.0 = Debug|Any CPU
		{899F63E3-0033-439B-98C3-DCA9CEF43D00}.Release|Any CPU.ActiveCfg = Release|Any CPU
		{899F63E3-0033-439B-98C3-DCA9CEF43D00}.Release|Any CPU.Build.0 = Release|Any CPU
	EndGlobalSection
	GlobalSection(SolutionProperties) = preSolution
		HideSolutionNode = FALSE
	EndGlobalSection
	GlobalSection(ExtensibilityGlobals) = postSolution
		SolutionGuid = {A1920B27-546A-48E4-B7BF-7FDDA9BBF134}
	EndGlobalSection
	GlobalSection(NestedProjects) = preSolution
		{7AE025D1-5134-49F0-B363-DC25FACD3EC5} = {D32110EC-915C-4714-8397-EBE7249860EB}
		{DC97347F-2DF0-4C12-A3A7-C5CDE3CD1A62} = {D35B010D-014F-49A5-AA9A-F12D51808159}
		{CE833AA1-F29C-4DFC-8BE2-749D3E626F74} = {867F1F5D-5810-40EE-858F-836F7F4B70F2}
		{5E824B8E-98F7-4736-B8ED-0E8CFEE61031} = {A9B20A09-BB45-43DA-B3CA-1B19096EB085}
		{445836D0-0933-4CEE-B172-1AA60991C9CE} = {A9B20A09-BB45-43DA-B3CA-1B19096EB085}
		{F2F38ECC-3A65-4989-9B0D-020A0E8586AB} = {A9B20A09-BB45-43DA-B3CA-1B19096EB085}
		{0432635A-C2D3-4789-83FC-220729109374} = {A9B20A09-BB45-43DA-B3CA-1B19096EB085}
		{899F63E3-0033-439B-98C3-DCA9CEF43D00} = {D32110EC-915C-4714-8397-EBE7249860EB}
	EndGlobalSection
EndGlobal
